
Microsoft Visual Studio Solution File, Format Version 12.00
# Visual Studio Version 17
VisualStudioVersion = 17.5.002.0
MinimumVisualStudioVersion = 10.0.40219.1
Project("{9A19103F-16F7-4668-BE54-9A1E7A4F7556}") = "ProductManagementAPI", "ProductManagementAPI\ProductManagementAPI.csproj", "{7586D566-A804-42DF-AFB0-73E92421A873}"
EndProject
Global
	GlobalSection(SolutionConfigurationPlatforms) = preSolution
		Debug|Any CPU = Debug|Any CPU
		Release|Any CPU = Release|Any CPU
	EndGlobalSection
	GlobalSection(ProjectConfigurationPlatforms) = postSolution
		{7586D566-A804-42DF-AFB0-73E92421A873}.Debug|Any CPU.ActiveCfg = Debug|Any CPU
		{7586D566-A804-42DF-AFB0-73E92421A873}.Debug|Any CPU.Build.0 = Debug|Any CPU
		{7586D566-A804-42DF-AFB0-73E92421A873}.Release|Any CPU.ActiveCfg = Release|Any CPU
		{7586D566-A804-42DF-AFB0-73E92421A873}.Release|Any CPU.Build.0 = Release|Any CPU
	EndGlobalSection
	GlobalSection(SolutionProperties) = preSolution
		HideSolutionNode = FALSE
	EndGlobalSection
	GlobalSection(ExtensibilityGlobals) = postSolution
		SolutionGuid = {2C25153F-9509-41F6-99EB-A36C804B2A6D}
	EndGlobalSection
EndGlobal
